
Microsoft Visual Studio Solution File, Format Version 12.00
# Visual Studio Version 16
VisualStudioVersion = 16.0.31112.23
MinimumVisualStudioVersion = 10.0.40219.1
Project("{FAE04EC0-301F-11D3-BF4B-00C04F79EFBC}") = "OX_GameProject", "OX_GameProject\OX_GameProject.csproj", "{4A64A54C-DF83-4327-9AAD-7DB0090E550B}"
EndProject
Global
	GlobalSection(SolutionConfigurationPlatforms) = preSolution
		Debug|Any CPU = Debug|Any CPU
		Release|Any CPU = Release|Any CPU
	EndGlobalSection
	GlobalSection(ProjectConfigurationPlatforms) = postSolution
		{4A64A54C-DF83-4327-9AAD-7DB0090E550B}.Debug|Any CPU.ActiveCfg = Debug|Any CPU
		{4A64A54C-DF83-4327-9AAD-7DB0090E550B}.Debug|Any CPU.Build.0 = Debug|Any CPU
		{4A64A54C-DF83-4327-9AAD-7DB0090E550B}.Release|Any CPU.ActiveCfg = Release|Any CPU
		{4A64A54C-DF83-4327-9AAD-7DB0090E550B}.Release|Any CPU.Build.0 = Release|Any CPU
	EndGlobalSection
	GlobalSection(SolutionProperties) = preSolution
		HideSolutionNode = FALSE
	EndGlobalSection
	GlobalSection(ExtensibilityGlobals) = postSolution
		SolutionGuid = {DD2B508F-D851-4C19-9657-F7F688313062}
	EndGlobalSection
EndGlobal
